# Generated by Kaixa. Do not edit manually.
schema = 1

[[package]]
name = "adapter_example"
version = "1.0.0"
resolver = "cmake"
resolutions = [
    { roots = ["adapter_example"], profile = "debug", target = "windows", features = [], dependencies = [], variants = [{ features = [], policy = "6c322fc1ac75ba60", contexts = ["adapter_example:default"] }] },
]

[[package]]
name = "google_benchmark"
version = "1.0.0"
resolver = "cmake"
resolutions = [
    { roots = ["adapter_example"], profile = "debug", target = "windows", features = [], dependencies = [], variants = [{ features = [], policy = "6c322fc1ac75ba60", contexts = ["google_benchmark:default"] }] },
]

[[package]]
name = "googletest"
version = "1.0.0"
resolver = "cmake"
resolutions = [
    { roots = ["adapter_example"], profile = "debug", target = "windows", features = [], dependencies = [], variants = [{ features = [], policy = "6c322fc1ac75ba60", contexts = ["googletest:default"] }] },
]
