# Generated by Kaixa. Do not edit manually.
schema = 1

[[package]]
name = "kaixa"
version = "0.2.0-dev"
resolver = "cmake"
resolutions = [
    { roots = ["kaixa"], profile = "debug", target = "windows", features = [], dependencies = ["kaixa_core", "kaixa_plugins"], variants = [{ features = [], policy = "2d19981b4331fde3", contexts = ["kaixa:default"] }] },
    { roots = ["kaixa"], profile = "release", target = "windows", features = [], dependencies = ["kaixa_core", "kaixa_plugins"], variants = [{ features = [], policy = "51589ebb5913d607", contexts = ["kaixa:default"] }] },
]

[[package]]
name = "kaixa_core"
version = "0.2.0-dev"
resolver = "cmake"
resolutions = [
    { roots = ["kaixa"], profile = "debug", target = "windows", features = [], dependencies = [], variants = [{ features = [], policy = "2d19981b4331fde3", contexts = ["kaixa:default", "kaixa_core:default", "kaixa_plugins:default"] }] },
    { roots = ["kaixa"], profile = "release", target = "windows", features = [], dependencies = [], variants = [{ features = [], policy = "51589ebb5913d607", contexts = ["kaixa:default", "kaixa_core:default", "kaixa_plugins:default"] }] },
]

[[package]]
name = "kaixa_plugins"
version = "0.2.0-dev"
resolver = "cmake"
resolutions = [
    { roots = ["kaixa"], profile = "debug", target = "windows", features = [], dependencies = ["kaixa_core"], variants = [{ features = [], policy = "2d19981b4331fde3", contexts = ["kaixa:default", "kaixa_plugins:default"] }] },
    { roots = ["kaixa"], profile = "release", target = "windows", features = [], dependencies = ["kaixa_core"], variants = [{ features = [], policy = "51589ebb5913d607", contexts = ["kaixa:default", "kaixa_plugins:default"] }] },
]
