# Generated by Kaixa. Do not edit manually.
schema = 1

[[package]]
name = "install_example"
version = "1.0.0"
resolver = "cmake"
resolutions = [
    { roots = ["install_example"], profile = "debug", target = "windows", features = [], dependencies = ["runtime_support"], variants = [{ features = [], policy = "6c322fc1ac75ba60", contexts = ["install_example:default"] }] },
]

[[package]]
name = "runtime_support"
version = "1.0.0"
resolver = "cmake"
resolutions = [
    { roots = ["install_example"], profile = "debug", target = "windows", features = [], dependencies = [], variants = [{ features = [], policy = "6c322fc1ac75ba60", contexts = ["install_example:default", "runtime_support:default"] }] },
]
